
Microsoft Visual Studio Solution File, Format Version 12.00
# Visual Studio 2012
Project("{FAE04EC0-301F-11D3-BF4B-00C04F79EFBC}") = "MoistureBot", "MoistureBot\MoistureBot.csproj", "{89473D51-D556-4742-A560-8FEA79AAB641}"
EndProject
Project("{2150E333-8FDC-42A3-9474-1A3956D46DE8}") = "CoreAddins", "CoreAddins", "{23E21EB3-2246-45D8-A09E-F89D5CDF8B7D}"
EndProject
Project("{FAE04EC0-301F-11D3-BF4B-00C04F79EFBC}") = "CoreConsoleCommands", "CoreAddins\CoreConsoleCommands\CoreConsoleCommands.csproj", "{1A1AAB45-3CA9-4FDE-AFB3-344D97E8C357}"
EndProject
Project("{FAE04EC0-301F-11D3-BF4B-00C04F79EFBC}") = "MoistureBotLib", "MoistureBotLib\MoistureBotLib.csproj", "{559877FE-43FB-46A5-897E-978078951010}"
EndProject
Project("{2150E333-8FDC-42A3-9474-1A3956D46DE8}") = "Addins", "Addins", "{FA84E13C-6332-4188-B013-1E11752123C3}"
EndProject
Project("{FAE04EC0-301F-11D3-BF4B-00C04F79EFBC}") = "AutoInviteJoin", "Addins\AutoInviteJoin\AutoInviteJoin.csproj", "{39AF8F24-934F-4759-B052-C061CFDD0A86}"
EndProject
Project("{FAE04EC0-301F-11D3-BF4B-00C04F79EFBC}") = "GameInviteReply", "Addins\GameInviteReply\GameInviteReply.csproj", "{4E4EF84A-0583-47D6-B454-5CB6C7A98AB1}"
EndProject
Project("{FAE04EC0-301F-11D3-BF4B-00C04F79EFBC}") = "SQLiteChatLogger", "Addins\SQLiteChatLogger\SQLiteChatLogger.csproj", "{521F62D1-AB71-470C-96E3-C04421DD025E}"
EndProject
Project("{FAE04EC0-301F-11D3-BF4B-00C04F79EFBC}") = "AutoReconnect", "Addins\AutoReconnect\AutoReconnect.csproj", "{77F9672A-589A-4817-82CB-162976B03ACC}"
EndProject
Project("{FAE04EC0-301F-11D3-BF4B-00C04F79EFBC}") = "UrlInfo", "Addins\UrlInfo\UrlInfo.csproj", "{5C1A0EE4-60F8-4AAD-8035-525EA3831BB9}"
EndProject
Project("{2150E333-8FDC-42A3-9474-1A3956D46DE8}") = "UrlInfoAddins", "UrlInfoAddins", "{6724F29B-5BB5-4FD9-AD99-A2B94C5C0591}"
EndProject
Project("{FAE04EC0-301F-11D3-BF4B-00C04F79EFBC}") = "EmbedLyUrlInfo", "Addins\UrlInfo\UrlExtensions\EmbedLyUrlInfo\EmbedLyUrlInfo.csproj", "{81890942-06B3-4001-BCC5-5FE93F1E3503}"
EndProject
Project("{FAE04EC0-301F-11D3-BF4B-00C04F79EFBC}") = "Moikkaaja", "Addins\Moikkaaja\Moikkaaja.csproj", "{97D07A7E-F506-4192-8299-59BA1721D060}"
EndProject
Project("{FAE04EC0-301F-11D3-BF4B-00C04F79EFBC}") = "ChatCommand", "Addins\ChatCommand\ChatCommand.csproj", "{8C1DF2EF-3DE3-4814-887E-A0D5E70E8F32}"
EndProject
Project("{2150E333-8FDC-42A3-9474-1A3956D46DE8}") = "ChatCommandAddins", "ChatCommandAddins", "{B03B8E95-5A49-4CDB-9EAF-F52D2D9CFCD4}"
EndProject
Project("{FAE04EC0-301F-11D3-BF4B-00C04F79EFBC}") = "HelpCommand", "Addins\ChatCommand\ChatCommandAddins\HelpCommand\HelpCommand.csproj", "{3D9BD525-B5C6-49C5-949E-9183CDB013A2}"
EndProject
Project("{FAE04EC0-301F-11D3-BF4B-00C04F79EFBC}") = "UrlHistoryCommand", "Addins\ChatCommand\ChatCommandAddins\UrlHistoryCommand\UrlHistoryCommand.csproj", "{4D2BA35F-476E-48D9-843D-BB6CDD4BB8C7}"
EndProject
Project("{FAE04EC0-301F-11D3-BF4B-00C04F79EFBC}") = "HistoryCommand", "Addins\ChatCommand\ChatCommandAddins\HistoryCommand\HistoryCommand.csproj", "{8E137633-E973-403E-A76E-5896ACB274CB}"
EndProject
Project("{FAE04EC0-301F-11D3-BF4B-00C04F79EFBC}") = "JokeCommand", "Addins\ChatCommand\ChatCommandAddins\JokeCommand\JokeCommand.csproj", "{F1584EB5-D5F0-4BC9-80BF-826743674152}"
EndProject
Project("{FAE04EC0-301F-11D3-BF4B-00C04F79EFBC}") = "MoistureBotTest", "MoistureBotTest\MoistureBotTest.csproj", "{754301E1-AB13-4DCA-BF88-17C0DD02F9ED}"
EndProject
Global
	GlobalSection(SolutionConfigurationPlatforms) = preSolution
		Debug|x86 = Debug|x86
		Release|x86 = Release|x86
	EndGlobalSection
	GlobalSection(ProjectConfigurationPlatforms) = postSolution
		{1A1AAB45-3CA9-4FDE-AFB3-344D97E8C357}.Debug|x86.ActiveCfg = Debug|x86
		{1A1AAB45-3CA9-4FDE-AFB3-344D97E8C357}.Debug|x86.Build.0 = Debug|x86
		{1A1AAB45-3CA9-4FDE-AFB3-344D97E8C357}.Release|x86.ActiveCfg = Release|x86
		{1A1AAB45-3CA9-4FDE-AFB3-344D97E8C357}.Release|x86.Build.0 = Release|x86
		{39AF8F24-934F-4759-B052-C061CFDD0A86}.Debug|x86.ActiveCfg = Debug|x86
		{39AF8F24-934F-4759-B052-C061CFDD0A86}.Debug|x86.Build.0 = Debug|x86
		{39AF8F24-934F-4759-B052-C061CFDD0A86}.Release|x86.ActiveCfg = Release|x86
		{39AF8F24-934F-4759-B052-C061CFDD0A86}.Release|x86.Build.0 = Release|x86
		{3D9BD525-B5C6-49C5-949E-9183CDB013A2}.Debug|x86.ActiveCfg = Debug|x86
		{3D9BD525-B5C6-49C5-949E-9183CDB013A2}.Debug|x86.Build.0 = Debug|x86
		{3D9BD525-B5C6-49C5-949E-9183CDB013A2}.Release|x86.ActiveCfg = Release|x86
		{3D9BD525-B5C6-49C5-949E-9183CDB013A2}.Release|x86.Build.0 = Release|x86
		{4D2BA35F-476E-48D9-843D-BB6CDD4BB8C7}.Debug|x86.ActiveCfg = Debug|x86
		{4D2BA35F-476E-48D9-843D-BB6CDD4BB8C7}.Debug|x86.Build.0 = Debug|x86
		{4D2BA35F-476E-48D9-843D-BB6CDD4BB8C7}.Release|x86.ActiveCfg = Release|x86
		{4D2BA35F-476E-48D9-843D-BB6CDD4BB8C7}.Release|x86.Build.0 = Release|x86
		{4E4EF84A-0583-47D6-B454-5CB6C7A98AB1}.Debug|x86.ActiveCfg = Debug|x86
		{4E4EF84A-0583-47D6-B454-5CB6C7A98AB1}.Debug|x86.Build.0 = Debug|x86
		{4E4EF84A-0583-47D6-B454-5CB6C7A98AB1}.Release|x86.ActiveCfg = Release|x86
		{4E4EF84A-0583-47D6-B454-5CB6C7A98AB1}.Release|x86.Build.0 = Release|x86
		{521F62D1-AB71-470C-96E3-C04421DD025E}.Debug|x86.ActiveCfg = Debug|x86
		{521F62D1-AB71-470C-96E3-C04421DD025E}.Debug|x86.Build.0 = Debug|x86
		{521F62D1-AB71-470C-96E3-C04421DD025E}.Release|x86.ActiveCfg = Release|x86
		{521F62D1-AB71-470C-96E3-C04421DD025E}.Release|x86.Build.0 = Release|x86
		{559877FE-43FB-46A5-897E-978078951010}.Debug|x86.ActiveCfg = Debug|x86
		{559877FE-43FB-46A5-897E-978078951010}.Debug|x86.Build.0 = Debug|x86
		{559877FE-43FB-46A5-897E-978078951010}.Release|x86.ActiveCfg = Release|x86
		{559877FE-43FB-46A5-897E-978078951010}.Release|x86.Build.0 = Release|x86
		{5C1A0EE4-60F8-4AAD-8035-525EA3831BB9}.Debug|x86.ActiveCfg = Debug|x86
		{5C1A0EE4-60F8-4AAD-8035-525EA3831BB9}.Debug|x86.Build.0 = Debug|x86
		{5C1A0EE4-60F8-4AAD-8035-525EA3831BB9}.Release|x86.ActiveCfg = Release|x86
		{5C1A0EE4-60F8-4AAD-8035-525EA3831BB9}.Release|x86.Build.0 = Release|x86
		{754301E1-AB13-4DCA-BF88-17C0DD02F9ED}.Debug|x86.ActiveCfg = Debug|x86
		{754301E1-AB13-4DCA-BF88-17C0DD02F9ED}.Debug|x86.Build.0 = Debug|x86
		{754301E1-AB13-4DCA-BF88-17C0DD02F9ED}.Release|x86.ActiveCfg = Release|x86
		{754301E1-AB13-4DCA-BF88-17C0DD02F9ED}.Release|x86.Build.0 = Release|x86
		{77F9672A-589A-4817-82CB-162976B03ACC}.Debug|x86.ActiveCfg = Debug|x86
		{77F9672A-589A-4817-82CB-162976B03ACC}.Debug|x86.Build.0 = Debug|x86
		{77F9672A-589A-4817-82CB-162976B03ACC}.Release|x86.ActiveCfg = Release|x86
		{77F9672A-589A-4817-82CB-162976B03ACC}.Release|x86.Build.0 = Release|x86
		{81890942-06B3-4001-BCC5-5FE93F1E3503}.Debug|x86.ActiveCfg = Debug|x86
		{81890942-06B3-4001-BCC5-5FE93F1E3503}.Debug|x86.Build.0 = Debug|x86
		{81890942-06B3-4001-BCC5-5FE93F1E3503}.Release|x86.ActiveCfg = Release|x86
		{81890942-06B3-4001-BCC5-5FE93F1E3503}.Release|x86.Build.0 = Release|x86
		{89473D51-D556-4742-A560-8FEA79AAB641}.Debug|x86.ActiveCfg = Debug|x86
		{89473D51-D556-4742-A560-8FEA79AAB641}.Debug|x86.Build.0 = Debug|x86
		{89473D51-D556-4742-A560-8FEA79AAB641}.Release|x86.ActiveCfg = Release|x86
		{89473D51-D556-4742-A560-8FEA79AAB641}.Release|x86.Build.0 = Release|x86
		{8C1DF2EF-3DE3-4814-887E-A0D5E70E8F32}.Debug|x86.ActiveCfg = Debug|x86
		{8C1DF2EF-3DE3-4814-887E-A0D5E70E8F32}.Debug|x86.Build.0 = Debug|x86
		{8C1DF2EF-3DE3-4814-887E-A0D5E70E8F32}.Release|x86.ActiveCfg = Release|x86
		{8C1DF2EF-3DE3-4814-887E-A0D5E70E8F32}.Release|x86.Build.0 = Release|x86
		{8E137633-E973-403E-A76E-5896ACB274CB}.Debug|x86.ActiveCfg = Debug|x86
		{8E137633-E973-403E-A76E-5896ACB274CB}.Debug|x86.Build.0 = Debug|x86
		{8E137633-E973-403E-A76E-5896ACB274CB}.Release|x86.ActiveCfg = Release|x86
		{8E137633-E973-403E-A76E-5896ACB274CB}.Release|x86.Build.0 = Release|x86
		{97D07A7E-F506-4192-8299-59BA1721D060}.Debug|x86.ActiveCfg = Debug|x86
		{97D07A7E-F506-4192-8299-59BA1721D060}.Debug|x86.Build.0 = Debug|x86
		{97D07A7E-F506-4192-8299-59BA1721D060}.Release|x86.ActiveCfg = Release|x86
		{97D07A7E-F506-4192-8299-59BA1721D060}.Release|x86.Build.0 = Release|x86
		{F1584EB5-D5F0-4BC9-80BF-826743674152}.Debug|x86.ActiveCfg = Debug|x86
		{F1584EB5-D5F0-4BC9-80BF-826743674152}.Debug|x86.Build.0 = Debug|x86
		{F1584EB5-D5F0-4BC9-80BF-826743674152}.Release|x86.ActiveCfg = Release|x86
		{F1584EB5-D5F0-4BC9-80BF-826743674152}.Release|x86.Build.0 = Release|x86
	EndGlobalSection
	GlobalSection(NestedProjects) = preSolution
		{1A1AAB45-3CA9-4FDE-AFB3-344D97E8C357} = {23E21EB3-2246-45D8-A09E-F89D5CDF8B7D}
		{39AF8F24-934F-4759-B052-C061CFDD0A86} = {FA84E13C-6332-4188-B013-1E11752123C3}
		{4E4EF84A-0583-47D6-B454-5CB6C7A98AB1} = {FA84E13C-6332-4188-B013-1E11752123C3}
		{521F62D1-AB71-470C-96E3-C04421DD025E} = {FA84E13C-6332-4188-B013-1E11752123C3}
		{77F9672A-589A-4817-82CB-162976B03ACC} = {FA84E13C-6332-4188-B013-1E11752123C3}
		{5C1A0EE4-60F8-4AAD-8035-525EA3831BB9} = {FA84E13C-6332-4188-B013-1E11752123C3}
		{6724F29B-5BB5-4FD9-AD99-A2B94C5C0591} = {FA84E13C-6332-4188-B013-1E11752123C3}
		{97D07A7E-F506-4192-8299-59BA1721D060} = {FA84E13C-6332-4188-B013-1E11752123C3}
		{8C1DF2EF-3DE3-4814-887E-A0D5E70E8F32} = {FA84E13C-6332-4188-B013-1E11752123C3}
		{B03B8E95-5A49-4CDB-9EAF-F52D2D9CFCD4} = {FA84E13C-6332-4188-B013-1E11752123C3}
		{81890942-06B3-4001-BCC5-5FE93F1E3503} = {6724F29B-5BB5-4FD9-AD99-A2B94C5C0591}
		{3D9BD525-B5C6-49C5-949E-9183CDB013A2} = {B03B8E95-5A49-4CDB-9EAF-F52D2D9CFCD4}
		{4D2BA35F-476E-48D9-843D-BB6CDD4BB8C7} = {B03B8E95-5A49-4CDB-9EAF-F52D2D9CFCD4}
		{8E137633-E973-403E-A76E-5896ACB274CB} = {B03B8E95-5A49-4CDB-9EAF-F52D2D9CFCD4}
		{F1584EB5-D5F0-4BC9-80BF-826743674152} = {B03B8E95-5A49-4CDB-9EAF-F52D2D9CFCD4}
	EndGlobalSection
	GlobalSection(MonoDevelopProperties) = preSolution
		Policies = $0
		$0.TextStylePolicy = $1
		$1.EolMarker = Unix
		$1.inheritsSet = VisualStudio
		$1.inheritsScope = text/plain
		$1.scope = text/plain
		$0.TextStylePolicy = $2
		$2.inheritsSet = null
		$2.scope = application/x-addin+xml
		$0.XmlFormattingPolicy = $3
		$3.inheritsSet = null
		$3.scope = application/x-addin+xml
		$0.TextStylePolicy = $4
		$4.inheritsSet = null
		$4.scope = text/x-csharp
		$0.CSharpFormattingPolicy = $5
		$5.AfterDelegateDeclarationParameterComma = True
		$5.inheritsSet = Mono
		$5.inheritsScope = text/x-csharp
		outputpath = build\bin
	EndGlobalSection
EndGlobal
